
Microsoft Visual Studio Solution File, Format Version 12.00
# Visual Studio Version 17
VisualStudioVersion = 17.2.32616.157
MinimumVisualStudioVersion = 10.0.40219.1
Project("{9A19103F-16F7-4668-BE54-9A1E7A4F7556}") = "AdisraDoBrasil1", "Adisra do Brasil\AdisraDoBrasil1.csproj", "{03373A56-3C55-4C92-9333-2F8C1279E21E}"
EndProject
Project("{FAE04EC0-301F-11D3-BF4B-00C04F79EFBC}") = "AdisraDoBrasil2", "AdisraDoBrasil2\AdisraDoBrasil2.csproj", "{3CEEC69D-3F6B-42C5-B177-98F79A42B41D}"
EndProject
Project("{FAE04EC0-301F-11D3-BF4B-00C04F79EFBC}") = "AdisraDoBrasil3", "AdisraDoBrasil3\AdisraDoBrasil3.csproj", "{3E09123D-F923-4D42-84A3-B6AD065BC6A7}"
EndProject
Project("{FAE04EC0-301F-11D3-BF4B-00C04F79EFBC}") = "AdisraDoBrasil4", "AdisraDoBrasil4\AdisraDoBrasil4.csproj", "{BF692B94-4743-4BC9-AC86-5E16E480F902}"
EndProject
Project("{FAE04EC0-301F-11D3-BF4B-00C04F79EFBC}") = "AdisraDoBrasil5", "AdisraDoBrasil5\AdisraDoBrasil5.csproj", "{9772CE1A-CB42-41D2-95CF-3C9CA89289DE}"
EndProject
Global
	GlobalSection(SolutionConfigurationPlatforms) = preSolution
		Debug|Any CPU = Debug|Any CPU
		Release|Any CPU = Release|Any CPU
	EndGlobalSection
	GlobalSection(ProjectConfigurationPlatforms) = postSolution
		{03373A56-3C55-4C92-9333-2F8C1279E21E}.Debug|Any CPU.ActiveCfg = Debug|Any CPU
		{03373A56-3C55-4C92-9333-2F8C1279E21E}.Debug|Any CPU.Build.0 = Debug|Any CPU
		{03373A56-3C55-4C92-9333-2F8C1279E21E}.Release|Any CPU.ActiveCfg = Release|Any CPU
		{03373A56-3C55-4C92-9333-2F8C1279E21E}.Release|Any CPU.Build.0 = Release|Any CPU
		{3CEEC69D-3F6B-42C5-B177-98F79A42B41D}.Debug|Any CPU.ActiveCfg = Debug|Any CPU
		{3CEEC69D-3F6B-42C5-B177-98F79A42B41D}.Debug|Any CPU.Build.0 = Debug|Any CPU
		{3CEEC69D-3F6B-42C5-B177-98F79A42B41D}.Release|Any CPU.ActiveCfg = Release|Any CPU
		{3CEEC69D-3F6B-42C5-B177-98F79A42B41D}.Release|Any CPU.Build.0 = Release|Any CPU
		{3E09123D-F923-4D42-84A3-B6AD065BC6A7}.Debug|Any CPU.ActiveCfg = Debug|Any CPU
		{3E09123D-F923-4D42-84A3-B6AD065BC6A7}.Debug|Any CPU.Build.0 = Debug|Any CPU
		{3E09123D-F923-4D42-84A3-B6AD065BC6A7}.Release|Any CPU.ActiveCfg = Release|Any CPU
		{3E09123D-F923-4D42-84A3-B6AD065BC6A7}.Release|Any CPU.Build.0 = Release|Any CPU
		{BF692B94-4743-4BC9-AC86-5E16E480F902}.Debug|Any CPU.ActiveCfg = Debug|Any CPU
		{BF692B94-4743-4BC9-AC86-5E16E480F902}.Debug|Any CPU.Build.0 = Debug|Any CPU
		{BF692B94-4743-4BC9-AC86-5E16E480F902}.Release|Any CPU.ActiveCfg = Release|Any CPU
		{BF692B94-4743-4BC9-AC86-5E16E480F902}.Release|Any CPU.Build.0 = Release|Any CPU
		{9772CE1A-CB42-41D2-95CF-3C9CA89289DE}.Debug|Any CPU.ActiveCfg = Debug|Any CPU
		{9772CE1A-CB42-41D2-95CF-3C9CA89289DE}.Debug|Any CPU.Build.0 = Debug|Any CPU
		{9772CE1A-CB42-41D2-95CF-3C9CA89289DE}.Release|Any CPU.ActiveCfg = Release|Any CPU
		{9772CE1A-CB42-41D2-95CF-3C9CA89289DE}.Release|Any CPU.Build.0 = Release|Any CPU
	EndGlobalSection
	GlobalSection(SolutionProperties) = preSolution
		HideSolutionNode = FALSE
	EndGlobalSection
	GlobalSection(ExtensibilityGlobals) = postSolution
		SolutionGuid = {A41CEFF7-C064-4E68-8530-E0A3111D4746}
	EndGlobalSection
EndGlobal
